
Microsoft Visual Studio Solution File, Format Version 12.00
# Visual Studio 15
VisualStudioVersion = 15.0.26430.15
MinimumVisualStudioVersion = 10.0.40219.1
Project("{FAE04EC0-301F-11D3-BF4B-00C04F79EFBC}") = "WorldOfTheThreeKingdoms", "WorldOfTheThreeKingdoms\WorldOfTheThreeKingdoms.csproj", "{52FD868B-F5EF-4756-B506-591F59CC0F43}"
EndProject
Project("{FAE04EC0-301F-11D3-BF4B-00C04F79EFBC}") = "WorldOfTheThreeKingdoms.Android", "WorldOfTheThreeKingdoms.Android\WorldOfTheThreeKingdoms.Android.csproj", "{211E4AAF-E752-44AA-8CAA-91F05ABBA81D}"
EndProject
Project("{FAE04EC0-301F-11D3-BF4B-00C04F79EFBC}") = "WorldOfTheThreeKingdoms.iOS", "WorldOfTheThreeKingdoms.iOS\WorldOfTheThreeKingdoms.iOS.csproj", "{39038F79-DE28-46E6-A1BB-B8F4ED9238F3}"
EndProject
Project("{FAE04EC0-301F-11D3-BF4B-00C04F79EFBC}") = "WorldOfTheThreeKingdoms.Desktop", "WorldOfTheThreeKingdoms.Desktop\WorldOfTheThreeKingdoms.Desktop.csproj", "{BD8E782A-7491-42FB-BB5F-8F4BFB57CC33}"
EndProject
Project("{FAE04EC0-301F-11D3-BF4B-00C04F79EFBC}") = "WorldOfTheThreeKingdoms.UWP", "WorldOfTheThreeKingdoms.UWP\WorldOfTheThreeKingdoms.UWP.csproj", "{5373A04D-4B1D-430E-BC8E-CBADAB4A1342}"
EndProject
Project("{FAE04EC0-301F-11D3-BF4B-00C04F79EFBC}") = "WorldOfTheThreeKingdomsEditor", "WorldOfTheThreeKingdomsEditor\WorldOfTheThreeKingdomsEditor.csproj", "{A9E750FB-CAC9-4820-BDF2-0D432134960C}"
EndProject
Project("{FAE04EC0-301F-11D3-BF4B-00C04F79EFBC}") = "剧本存档转换工具", "json and excel\剧本存档转换工具.csproj", "{1A91CB8F-7033-4C17-9150-DE5BD0944906}"
EndProject
Global
	GlobalSection(SolutionConfigurationPlatforms) = preSolution
		Ad-Hoc|Any CPU = Ad-Hoc|Any CPU
		Ad-Hoc|ARM = Ad-Hoc|ARM
		Ad-Hoc|iPhone = Ad-Hoc|iPhone
		Ad-Hoc|iPhoneSimulator = Ad-Hoc|iPhoneSimulator
		Ad-Hoc|x64 = Ad-Hoc|x64
		Ad-Hoc|x86 = Ad-Hoc|x86
		AppStore|Any CPU = AppStore|Any CPU
		AppStore|ARM = AppStore|ARM
		AppStore|iPhone = AppStore|iPhone
		AppStore|iPhoneSimulator = AppStore|iPhoneSimulator
		AppStore|x64 = AppStore|x64
		AppStore|x86 = AppStore|x86
		Debug|Any CPU = Debug|Any CPU
		Debug|ARM = Debug|ARM
		Debug|iPhone = Debug|iPhone
		Debug|iPhoneSimulator = Debug|iPhoneSimulator
		Debug|x64 = Debug|x64
		Debug|x86 = Debug|x86
		Release|Any CPU = Release|Any CPU
		Release|ARM = Release|ARM
		Release|iPhone = Release|iPhone
		Release|iPhoneSimulator = Release|iPhoneSimulator
		Release|x64 = Release|x64
		Release|x86 = Release|x86
		ReleaseNET20|Any CPU = ReleaseNET20|Any CPU
		ReleaseNET20|ARM = ReleaseNET20|ARM
		ReleaseNET20|iPhone = ReleaseNET20|iPhone
		ReleaseNET20|iPhoneSimulator = ReleaseNET20|iPhoneSimulator
		ReleaseNET20|x64 = ReleaseNET20|x64
		ReleaseNET20|x86 = ReleaseNET20|x86
	EndGlobalSection
	GlobalSection(ProjectConfigurationPlatforms) = postSolution
		{52FD868B-F5EF-4756-B506-591F59CC0F43}.Ad-Hoc|Any CPU.ActiveCfg = Release|x86
		{52FD868B-F5EF-4756-B506-591F59CC0F43}.Ad-Hoc|Any CPU.Build.0 = Release|x86
		{52FD868B-F5EF-4756-B506-591F59CC0F43}.Ad-Hoc|ARM.ActiveCfg = Debug|x86
		{52FD868B-F5EF-4756-B506-591F59CC0F43}.Ad-Hoc|ARM.Build.0 = Debug|x86
		{52FD868B-F5EF-4756-B506-591F59CC0F43}.Ad-Hoc|iPhone.ActiveCfg = Release|x86
		{52FD868B-F5EF-4756-B506-591F59CC0F43}.Ad-Hoc|iPhone.Build.0 = Release|x86
		{52FD868B-F5EF-4756-B506-591F59CC0F43}.Ad-Hoc|iPhoneSimulator.ActiveCfg = Release|x86
		{52FD868B-F5EF-4756-B506-591F59CC0F43}.Ad-Hoc|iPhoneSimulator.Build.0 = Release|x86
		{52FD868B-F5EF-4756-B506-591F59CC0F43}.Ad-Hoc|x64.ActiveCfg = Debug|x86
		{52FD868B-F5EF-4756-B506-591F59CC0F43}.Ad-Hoc|x64.Build.0 = Debug|x86
		{52FD868B-F5EF-4756-B506-591F59CC0F43}.Ad-Hoc|x86.ActiveCfg = Release|x86
		{52FD868B-F5EF-4756-B506-591F59CC0F43}.Ad-Hoc|x86.Build.0 = Release|x86
		{52FD868B-F5EF-4756-B506-591F59CC0F43}.AppStore|Any CPU.ActiveCfg = Release|x86
		{52FD868B-F5EF-4756-B506-591F59CC0F43}.AppStore|Any CPU.Build.0 = Release|x86
		{52FD868B-F5EF-4756-B506-591F59CC0F43}.AppStore|ARM.ActiveCfg = Debug|x86
		{52FD868B-F5EF-4756-B506-591F59CC0F43}.AppStore|ARM.Build.0 = Debug|x86
		{52FD868B-F5EF-4756-B506-591F59CC0F43}.AppStore|iPhone.ActiveCfg = Release|x86
		{52FD868B-F5EF-4756-B506-591F59CC0F43}.AppStore|iPhone.Build.0 = Release|x86
		{52FD868B-F5EF-4756-B506-591F59CC0F43}.AppStore|iPhoneSimulator.ActiveCfg = Release|x86
		{52FD868B-F5EF-4756-B506-591F59CC0F43}.AppStore|iPhoneSimulator.Build.0 = Release|x86
		{52FD868B-F5EF-4756-B506-591F59CC0F43}.AppStore|x64.ActiveCfg = Debug|x86
		{52FD868B-F5EF-4756-B506-591F59CC0F43}.AppStore|x64.Build.0 = Debug|x86
		{52FD868B-F5EF-4756-B506-591F59CC0F43}.AppStore|x86.ActiveCfg = Release|x86
		{52FD868B-F5EF-4756-B506-591F59CC0F43}.AppStore|x86.Build.0 = Release|x86
		{52FD868B-F5EF-4756-B506-591F59CC0F43}.Debug|Any CPU.ActiveCfg = Debug|x86
		{52FD868B-F5EF-4756-B506-591F59CC0F43}.Debug|ARM.ActiveCfg = Debug|x86
		{52FD868B-F5EF-4756-B506-591F59CC0F43}.Debug|iPhone.ActiveCfg = Debug|x86
		{52FD868B-F5EF-4756-B506-591F59CC0F43}.Debug|iPhoneSimulator.ActiveCfg = Debug|x86
		{52FD868B-F5EF-4756-B506-591F59CC0F43}.Debug|x64.ActiveCfg = Debug|x64
		{52FD868B-F5EF-4756-B506-591F59CC0F43}.Debug|x64.Build.0 = Debug|x64
		{52FD868B-F5EF-4756-B506-591F59CC0F43}.Debug|x86.ActiveCfg = Debug|x86
		{52FD868B-F5EF-4756-B506-591F59CC0F43}.Debug|x86.Build.0 = Debug|x86
		{52FD868B-F5EF-4756-B506-591F59CC0F43}.Release|Any CPU.ActiveCfg = Release|x86
		{52FD868B-F5EF-4756-B506-591F59CC0F43}.Release|ARM.ActiveCfg = Release|x86
		{52FD868B-F5EF-4756-B506-591F59CC0F43}.Release|iPhone.ActiveCfg = Release|x86
		{52FD868B-F5EF-4756-B506-591F59CC0F43}.Release|iPhoneSimulator.ActiveCfg = Release|x86
		{52FD868B-F5EF-4756-B506-591F59CC0F43}.Release|x64.ActiveCfg = Release|x64
		{52FD868B-F5EF-4756-B506-591F59CC0F43}.Release|x64.Build.0 = Release|x64
		{52FD868B-F5EF-4756-B506-591F59CC0F43}.Release|x86.ActiveCfg = Release|x86
		{52FD868B-F5EF-4756-B506-591F59CC0F43}.Release|x86.Build.0 = Release|x86
		{52FD868B-F5EF-4756-B506-591F59CC0F43}.ReleaseNET20|Any CPU.ActiveCfg = Debug|x64
		{52FD868B-F5EF-4756-B506-591F59CC0F43}.ReleaseNET20|Any CPU.Build.0 = Debug|x64
		{52FD868B-F5EF-4756-B506-591F59CC0F43}.ReleaseNET20|ARM.ActiveCfg = Debug|x64
		{52FD868B-F5EF-4756-B506-591F59CC0F43}.ReleaseNET20|ARM.Build.0 = Debug|x64
		{52FD868B-F5EF-4756-B506-591F59CC0F43}.ReleaseNET20|iPhone.ActiveCfg = Debug|x64
		{52FD868B-F5EF-4756-B506-591F59CC0F43}.ReleaseNET20|iPhone.Build.0 = Debug|x64
		{52FD868B-F5EF-4756-B506-591F59CC0F43}.ReleaseNET20|iPhoneSimulator.ActiveCfg = Debug|x64
		{52FD868B-F5EF-4756-B506-591F59CC0F43}.ReleaseNET20|iPhoneSimulator.Build.0 = Debug|x64
		{52FD868B-F5EF-4756-B506-591F59CC0F43}.ReleaseNET20|x64.ActiveCfg = Release|x64
		{52FD868B-F5EF-4756-B506-591F59CC0F43}.ReleaseNET20|x64.Build.0 = Release|x64
		{52FD868B-F5EF-4756-B506-591F59CC0F43}.ReleaseNET20|x86.ActiveCfg = Release|x86
		{52FD868B-F5EF-4756-B506-591F59CC0F43}.ReleaseNET20|x86.Build.0 = Release|x86
		{211E4AAF-E752-44AA-8CAA-91F05ABBA81D}.Ad-Hoc|Any CPU.ActiveCfg = Release|Any CPU
		{211E4AAF-E752-44AA-8CAA-91F05ABBA81D}.Ad-Hoc|Any CPU.Build.0 = Release|Any CPU
		{211E4AAF-E752-44AA-8CAA-91F05ABBA81D}.Ad-Hoc|Any CPU.Deploy.0 = Release|Any CPU
		{211E4AAF-E752-44AA-8CAA-91F05ABBA81D}.Ad-Hoc|ARM.ActiveCfg = Debug|Any CPU
		{211E4AAF-E752-44AA-8CAA-91F05ABBA81D}.Ad-Hoc|ARM.Build.0 = Debug|Any CPU
		{211E4AAF-E752-44AA-8CAA-91F05ABBA81D}.Ad-Hoc|ARM.Deploy.0 = Debug|Any CPU
		{211E4AAF-E752-44AA-8CAA-91F05ABBA81D}.Ad-Hoc|iPhone.ActiveCfg = Release|Any CPU
		{211E4AAF-E752-44AA-8CAA-91F05ABBA81D}.Ad-Hoc|iPhone.Build.0 = Release|Any CPU
		{211E4AAF-E752-44AA-8CAA-91F05ABBA81D}.Ad-Hoc|iPhone.Deploy.0 = Release|Any CPU
		{211E4AAF-E752-44AA-8CAA-91F05ABBA81D}.Ad-Hoc|iPhoneSimulator.ActiveCfg = Release|Any CPU
		{211E4AAF-E752-44AA-8CAA-91F05ABBA81D}.Ad-Hoc|iPhoneSimulator.Build.0 = Release|Any CPU
		{211E4AAF-E752-44AA-8CAA-91F05ABBA81D}.Ad-Hoc|iPhoneSimulator.Deploy.0 = Release|Any CPU
		{211E4AAF-E752-44AA-8CAA-91F05ABBA81D}.Ad-Hoc|x64.ActiveCfg = Debug|Any CPU
		{211E4AAF-E752-44AA-8CAA-91F05ABBA81D}.Ad-Hoc|x64.Build.0 = Debug|Any CPU
		{211E4AAF-E752-44AA-8CAA-91F05ABBA81D}.Ad-Hoc|x64.Deploy.0 = Debug|Any CPU
		{211E4AAF-E752-44AA-8CAA-91F05ABBA81D}.Ad-Hoc|x86.ActiveCfg = Release|Any CPU
		{211E4AAF-E752-44AA-8CAA-91F05ABBA81D}.Ad-Hoc|x86.Build.0 = Release|Any CPU
		{211E4AAF-E752-44AA-8CAA-91F05ABBA81D}.Ad-Hoc|x86.Deploy.0 = Release|Any CPU
		{211E4AAF-E752-44AA-8CAA-91F05ABBA81D}.AppStore|Any CPU.ActiveCfg = Release|Any CPU
		{211E4AAF-E752-44AA-8CAA-91F05ABBA81D}.AppStore|Any CPU.Build.0 = Release|Any CPU
		{211E4AAF-E752-44AA-8CAA-91F05ABBA81D}.AppStore|Any CPU.Deploy.0 = Release|Any CPU
		{211E4AAF-E752-44AA-8CAA-91F05ABBA81D}.AppStore|ARM.ActiveCfg = Debug|Any CPU
		{211E4AAF-E752-44AA-8CAA-91F05ABBA81D}.AppStore|ARM.Build.0 = Debug|Any CPU
		{211E4AAF-E752-44AA-8CAA-91F05ABBA81D}.AppStore|ARM.Deploy.0 = Debug|Any CPU
		{211E4AAF-E752-44AA-8CAA-91F05ABBA81D}.AppStore|iPhone.ActiveCfg = Release|Any CPU
		{211E4AAF-E752-44AA-8CAA-91F05ABBA81D}.AppStore|iPhone.Build.0 = Release|Any CPU
		{211E4AAF-E752-44AA-8CAA-91F05ABBA81D}.AppStore|iPhone.Deploy.0 = Release|Any CPU
		{211E4AAF-E752-44AA-8CAA-91F05ABBA81D}.AppStore|iPhoneSimulator.ActiveCfg = Release|Any CPU
		{211E4AAF-E752-44AA-8CAA-91F05ABBA81D}.AppStore|iPhoneSimulator.Build.0 = Release|Any CPU
		{211E4AAF-E752-44AA-8CAA-91F05ABBA81D}.AppStore|iPhoneSimulator.Deploy.0 = Release|Any CPU
		{211E4AAF-E752-44AA-8CAA-91F05ABBA81D}.AppStore|x64.ActiveCfg = Debug|Any CPU
		{211E4AAF-E752-44AA-8CAA-91F05ABBA81D}.AppStore|x64.Build.0 = Debug|Any CPU
		{211E4AAF-E752-44AA-8CAA-91F05ABBA81D}.AppStore|x64.Deploy.0 = Debug|Any CPU
		{211E4AAF-E752-44AA-8CAA-91F05ABBA81D}.AppStore|x86.ActiveCfg = Release|Any CPU
		{211E4AAF-E752-44AA-8CAA-91F05ABBA81D}.AppStore|x86.Build.0 = Release|Any CPU
		{211E4AAF-E752-44AA-8CAA-91F05ABBA81D}.AppStore|x86.Deploy.0 = Release|Any CPU
		{211E4AAF-E752-44AA-8CAA-91F05ABBA81D}.Debug|Any CPU.ActiveCfg = Debug|Any CPU
		{211E4AAF-E752-44AA-8CAA-91F05ABBA81D}.Debug|Any CPU.Build.0 = Debug|Any CPU
		{211E4AAF-E752-44AA-8CAA-91F05ABBA81D}.Debug|Any CPU.Deploy.0 = Debug|Any CPU
		{211E4AAF-E752-44AA-8CAA-91F05ABBA81D}.Debug|ARM.ActiveCfg = Debug|Any CPU
		{211E4AAF-E752-44AA-8CAA-91F05ABBA81D}.Debug|ARM.Build.0 = Debug|Any CPU
		{211E4AAF-E752-44AA-8CAA-91F05ABBA81D}.Debug|ARM.Deploy.0 = Debug|Any CPU
		{211E4AAF-E752-44AA-8CAA-91F05ABBA81D}.Debug|iPhone.ActiveCfg = Debug|Any CPU
		{211E4AAF-E752-44AA-8CAA-91F05ABBA81D}.Debug|iPhone.Build.0 = Debug|Any CPU
		{211E4AAF-E752-44AA-8CAA-91F05ABBA81D}.Debug|iPhone.Deploy.0 = Debug|Any CPU
		{211E4AAF-E752-44AA-8CAA-91F05ABBA81D}.Debug|iPhoneSimulator.ActiveCfg = Debug|Any CPU
		{211E4AAF-E752-44AA-8CAA-91F05ABBA81D}.Debug|iPhoneSimulator.Build.0 = Debug|Any CPU
		{211E4AAF-E752-44AA-8CAA-91F05ABBA81D}.Debug|iPhoneSimulator.Deploy.0 = Debug|Any CPU
		{211E4AAF-E752-44AA-8CAA-91F05ABBA81D}.Debug|x64.ActiveCfg = Debug|Any CPU
		{211E4AAF-E752-44AA-8CAA-91F05ABBA81D}.Debug|x64.Build.0 = Debug|Any CPU
		{211E4AAF-E752-44AA-8CAA-91F05ABBA81D}.Debug|x64.Deploy.0 = Debug|Any CPU
		{211E4AAF-E752-44AA-8CAA-91F05ABBA81D}.Debug|x86.ActiveCfg = Debug|Any CPU
		{211E4AAF-E752-44AA-8CAA-91F05ABBA81D}.Debug|x86.Build.0 = Debug|Any CPU
		{211E4AAF-E752-44AA-8CAA-91F05ABBA81D}.Debug|x86.Deploy.0 = Debug|Any CPU
		{211E4AAF-E752-44AA-8CAA-91F05ABBA81D}.Release|Any CPU.ActiveCfg = Release|Any CPU
		{211E4AAF-E752-44AA-8CAA-91F05ABBA81D}.Release|Any CPU.Build.0 = Release|Any CPU
		{211E4AAF-E752-44AA-8CAA-91F05ABBA81D}.Release|Any CPU.Deploy.0 = Release|Any CPU
		{211E4AAF-E752-44AA-8CAA-91F05ABBA81D}.Release|ARM.ActiveCfg = Release|Any CPU
		{211E4AAF-E752-44AA-8CAA-91F05ABBA81D}.Release|ARM.Build.0 = Release|Any CPU
		{211E4AAF-E752-44AA-8CAA-91F05ABBA81D}.Release|ARM.Deploy.0 = Release|Any CPU
		{211E4AAF-E752-44AA-8CAA-91F05ABBA81D}.Release|iPhone.ActiveCfg = Release|Any CPU
		{211E4AAF-E752-44AA-8CAA-91F05ABBA81D}.Release|iPhone.Build.0 = Release|Any CPU
		{211E4AAF-E752-44AA-8CAA-91F05ABBA81D}.Release|iPhone.Deploy.0 = Release|Any CPU
		{211E4AAF-E752-44AA-8CAA-91F05ABBA81D}.Release|iPhoneSimulator.ActiveCfg = Release|Any CPU
		{211E4AAF-E752-44AA-8CAA-91F05ABBA81D}.Release|iPhoneSimulator.Build.0 = Release|Any CPU
		{211E4AAF-E752-44AA-8CAA-91F05ABBA81D}.Release|iPhoneSimulator.Deploy.0 = Release|Any CPU
		{211E4AAF-E752-44AA-8CAA-91F05ABBA81D}.Release|x64.ActiveCfg = Release|Any CPU
		{211E4AAF-E752-44AA-8CAA-91F05ABBA81D}.Release|x64.Build.0 = Release|Any CPU
		{211E4AAF-E752-44AA-8CAA-91F05ABBA81D}.Release|x64.Deploy.0 = Release|Any CPU
		{211E4AAF-E752-44AA-8CAA-91F05ABBA81D}.Release|x86.ActiveCfg = Release|Any CPU
		{211E4AAF-E752-44AA-8CAA-91F05ABBA81D}.Release|x86.Build.0 = Release|Any CPU
		{211E4AAF-E752-44AA-8CAA-91F05ABBA81D}.Release|x86.Deploy.0 = Release|Any CPU
		{211E4AAF-E752-44AA-8CAA-91F05ABBA81D}.ReleaseNET20|Any CPU.ActiveCfg = Release|Any CPU
		{211E4AAF-E752-44AA-8CAA-91F05ABBA81D}.ReleaseNET20|Any CPU.Build.0 = Release|Any CPU
		{211E4AAF-E752-44AA-8CAA-91F05ABBA81D}.ReleaseNET20|Any CPU.Deploy.0 = Release|Any CPU
		{211E4AAF-E752-44AA-8CAA-91F05ABBA81D}.ReleaseNET20|ARM.ActiveCfg = Release|Any CPU
		{211E4AAF-E752-44AA-8CAA-91F05ABBA81D}.ReleaseNET20|ARM.Build.0 = Release|Any CPU
		{211E4AAF-E752-44AA-8CAA-91F05ABBA81D}.ReleaseNET20|ARM.Deploy.0 = Release|Any CPU
		{211E4AAF-E752-44AA-8CAA-91F05ABBA81D}.ReleaseNET20|iPhone.ActiveCfg = Release|Any CPU
		{211E4AAF-E752-44AA-8CAA-91F05ABBA81D}.ReleaseNET20|iPhone.Build.0 = Release|Any CPU
		{211E4AAF-E752-44AA-8CAA-91F05ABBA81D}.ReleaseNET20|iPhone.Deploy.0 = Release|Any CPU
		{211E4AAF-E752-44AA-8CAA-91F05ABBA81D}.ReleaseNET20|iPhoneSimulator.ActiveCfg = Release|Any CPU
		{211E4AAF-E752-44AA-8CAA-91F05ABBA81D}.ReleaseNET20|iPhoneSimulator.Build.0 = Release|Any CPU
		{211E4AAF-E752-44AA-8CAA-91F05ABBA81D}.ReleaseNET20|iPhoneSimulator.Deploy.0 = Release|Any CPU
		{211E4AAF-E752-44AA-8CAA-91F05ABBA81D}.ReleaseNET20|x64.ActiveCfg = Release|Any CPU
		{211E4AAF-E752-44AA-8CAA-91F05ABBA81D}.ReleaseNET20|x64.Build.0 = Release|Any CPU
		{211E4AAF-E752-44AA-8CAA-91F05ABBA81D}.ReleaseNET20|x64.Deploy.0 = Release|Any CPU
		{211E4AAF-E752-44AA-8CAA-91F05ABBA81D}.ReleaseNET20|x86.ActiveCfg = Release|Any CPU
		{211E4AAF-E752-44AA-8CAA-91F05ABBA81D}.ReleaseNET20|x86.Build.0 = Release|Any CPU
		{211E4AAF-E752-44AA-8CAA-91F05ABBA81D}.ReleaseNET20|x86.Deploy.0 = Release|Any CPU
		{39038F79-DE28-46E6-A1BB-B8F4ED9238F3}.Ad-Hoc|Any CPU.ActiveCfg = Ad-Hoc|iPhone
		{39038F79-DE28-46E6-A1BB-B8F4ED9238F3}.Ad-Hoc|ARM.ActiveCfg = Ad-Hoc|iPhoneSimulator
		{39038F79-DE28-46E6-A1BB-B8F4ED9238F3}.Ad-Hoc|iPhone.ActiveCfg = Ad-Hoc|iPhone
		{39038F79-DE28-46E6-A1BB-B8F4ED9238F3}.Ad-Hoc|iPhone.Build.0 = Ad-Hoc|iPhone
		{39038F79-DE28-46E6-A1BB-B8F4ED9238F3}.Ad-Hoc|iPhoneSimulator.ActiveCfg = Ad-Hoc|iPhoneSimulator
		{39038F79-DE28-46E6-A1BB-B8F4ED9238F3}.Ad-Hoc|iPhoneSimulator.Build.0 = Ad-Hoc|iPhoneSimulator
		{39038F79-DE28-46E6-A1BB-B8F4ED9238F3}.Ad-Hoc|x64.ActiveCfg = Ad-Hoc|iPhoneSimulator
		{39038F79-DE28-46E6-A1BB-B8F4ED9238F3}.Ad-Hoc|x86.ActiveCfg = Ad-Hoc|iPhone
		{39038F79-DE28-46E6-A1BB-B8F4ED9238F3}.AppStore|Any CPU.ActiveCfg = AppStore|iPhone
		{39038F79-DE28-46E6-A1BB-B8F4ED9238F3}.AppStore|ARM.ActiveCfg = AppStore|iPhoneSimulator
		{39038F79-DE28-46E6-A1BB-B8F4ED9238F3}.AppStore|iPhone.ActiveCfg = AppStore|iPhone
		{39038F79-DE28-46E6-A1BB-B8F4ED9238F3}.AppStore|iPhone.Build.0 = AppStore|iPhone
		{39038F79-DE28-46E6-A1BB-B8F4ED9238F3}.AppStore|iPhoneSimulator.ActiveCfg = AppStore|iPhoneSimulator
		{39038F79-DE28-46E6-A1BB-B8F4ED9238F3}.AppStore|iPhoneSimulator.Build.0 = AppStore|iPhoneSimulator
		{39038F79-DE28-46E6-A1BB-B8F4ED9238F3}.AppStore|x64.ActiveCfg = AppStore|iPhoneSimulator
		{39038F79-DE28-46E6-A1BB-B8F4ED9238F3}.AppStore|x86.ActiveCfg = AppStore|iPhone
		{39038F79-DE28-46E6-A1BB-B8F4ED9238F3}.Debug|Any CPU.ActiveCfg = Debug|iPhone
		{39038F79-DE28-46E6-A1BB-B8F4ED9238F3}.Debug|ARM.ActiveCfg = Debug|iPhoneSimulator
		{39038F79-DE28-46E6-A1BB-B8F4ED9238F3}.Debug|iPhone.ActiveCfg = Debug|iPhone
		{39038F79-DE28-46E6-A1BB-B8F4ED9238F3}.Debug|iPhone.Build.0 = Debug|iPhone
		{39038F79-DE28-46E6-A1BB-B8F4ED9238F3}.Debug|iPhoneSimulator.ActiveCfg = Debug|iPhoneSimulator
		{39038F79-DE28-46E6-A1BB-B8F4ED9238F3}.Debug|iPhoneSimulator.Build.0 = Debug|iPhoneSimulator
		{39038F79-DE28-46E6-A1BB-B8F4ED9238F3}.Debug|x64.ActiveCfg = Debug|iPhoneSimulator
		{39038F79-DE28-46E6-A1BB-B8F4ED9238F3}.Debug|x86.ActiveCfg = Debug|iPhone
		{39038F79-DE28-46E6-A1BB-B8F4ED9238F3}.Release|Any CPU.ActiveCfg = Release|iPhone
		{39038F79-DE28-46E6-A1BB-B8F4ED9238F3}.Release|ARM.ActiveCfg = Release|iPhoneSimulator
		{39038F79-DE28-46E6-A1BB-B8F4ED9238F3}.Release|iPhone.ActiveCfg = Release|iPhone
		{39038F79-DE28-46E6-A1BB-B8F4ED9238F3}.Release|iPhone.Build.0 = Release|iPhone
		{39038F79-DE28-46E6-A1BB-B8F4ED9238F3}.Release|iPhoneSimulator.ActiveCfg = Release|iPhoneSimulator
		{39038F79-DE28-46E6-A1BB-B8F4ED9238F3}.Release|iPhoneSimulator.Build.0 = Release|iPhoneSimulator
		{39038F79-DE28-46E6-A1BB-B8F4ED9238F3}.Release|x64.ActiveCfg = Release|iPhoneSimulator
		{39038F79-DE28-46E6-A1BB-B8F4ED9238F3}.Release|x86.ActiveCfg = Release|iPhone
		{39038F79-DE28-46E6-A1BB-B8F4ED9238F3}.ReleaseNET20|Any CPU.ActiveCfg = Release|iPhoneSimulator
		{39038F79-DE28-46E6-A1BB-B8F4ED9238F3}.ReleaseNET20|Any CPU.Build.0 = Release|iPhoneSimulator
		{39038F79-DE28-46E6-A1BB-B8F4ED9238F3}.ReleaseNET20|ARM.ActiveCfg = Release|iPhoneSimulator
		{39038F79-DE28-46E6-A1BB-B8F4ED9238F3}.ReleaseNET20|ARM.Build.0 = Release|iPhoneSimulator
		{39038F79-DE28-46E6-A1BB-B8F4ED9238F3}.ReleaseNET20|iPhone.ActiveCfg = Release|iPhone
		{39038F79-DE28-46E6-A1BB-B8F4ED9238F3}.ReleaseNET20|iPhone.Build.0 = Release|iPhone
		{39038F79-DE28-46E6-A1BB-B8F4ED9238F3}.ReleaseNET20|iPhoneSimulator.ActiveCfg = Release|iPhoneSimulator
		{39038F79-DE28-46E6-A1BB-B8F4ED9238F3}.ReleaseNET20|iPhoneSimulator.Build.0 = Release|iPhoneSimulator
		{39038F79-DE28-46E6-A1BB-B8F4ED9238F3}.ReleaseNET20|x64.ActiveCfg = Release|iPhoneSimulator
		{39038F79-DE28-46E6-A1BB-B8F4ED9238F3}.ReleaseNET20|x64.Build.0 = Release|iPhoneSimulator
		{39038F79-DE28-46E6-A1BB-B8F4ED9238F3}.ReleaseNET20|x86.ActiveCfg = Release|iPhoneSimulator
		{39038F79-DE28-46E6-A1BB-B8F4ED9238F3}.ReleaseNET20|x86.Build.0 = Release|iPhoneSimulator
		{BD8E782A-7491-42FB-BB5F-8F4BFB57CC33}.Ad-Hoc|Any CPU.ActiveCfg = Release|Any CPU
		{BD8E782A-7491-42FB-BB5F-8F4BFB57CC33}.Ad-Hoc|Any CPU.Build.0 = Release|Any CPU
		{BD8E782A-7491-42FB-BB5F-8F4BFB57CC33}.Ad-Hoc|ARM.ActiveCfg = Release|Any CPU
		{BD8E782A-7491-42FB-BB5F-8F4BFB57CC33}.Ad-Hoc|ARM.Build.0 = Release|Any CPU
		{BD8E782A-7491-42FB-BB5F-8F4BFB57CC33}.Ad-Hoc|iPhone.ActiveCfg = Release|Any CPU
		{BD8E782A-7491-42FB-BB5F-8F4BFB57CC33}.Ad-Hoc|iPhone.Build.0 = Release|Any CPU
		{BD8E782A-7491-42FB-BB5F-8F4BFB57CC33}.Ad-Hoc|iPhoneSimulator.ActiveCfg = Release|Any CPU
		{BD8E782A-7491-42FB-BB5F-8F4BFB57CC33}.Ad-Hoc|iPhoneSimulator.Build.0 = Release|Any CPU
		{BD8E782A-7491-42FB-BB5F-8F4BFB57CC33}.Ad-Hoc|x64.ActiveCfg = Release|Any CPU
		{BD8E782A-7491-42FB-BB5F-8F4BFB57CC33}.Ad-Hoc|x64.Build.0 = Release|Any CPU
		{BD8E782A-7491-42FB-BB5F-8F4BFB57CC33}.Ad-Hoc|x86.ActiveCfg = Release|Any CPU
		{BD8E782A-7491-42FB-BB5F-8F4BFB57CC33}.Ad-Hoc|x86.Build.0 = Release|Any CPU
		{BD8E782A-7491-42FB-BB5F-8F4BFB57CC33}.AppStore|Any CPU.ActiveCfg = Release|Any CPU
		{BD8E782A-7491-42FB-BB5F-8F4BFB57CC33}.AppStore|Any CPU.Build.0 = Release|Any CPU
		{BD8E782A-7491-42FB-BB5F-8F4BFB57CC33}.AppStore|ARM.ActiveCfg = Release|Any CPU
		{BD8E782A-7491-42FB-BB5F-8F4BFB57CC33}.AppStore|ARM.Build.0 = Release|Any CPU
		{BD8E782A-7491-42FB-BB5F-8F4BFB57CC33}.AppStore|iPhone.ActiveCfg = Release|Any CPU
		{BD8E782A-7491-42FB-BB5F-8F4BFB57CC33}.AppStore|iPhone.Build.0 = Release|Any CPU
		{BD8E782A-7491-42FB-BB5F-8F4BFB57CC33}.AppStore|iPhoneSimulator.ActiveCfg = Release|Any CPU
		{BD8E782A-7491-42FB-BB5F-8F4BFB57CC33}.AppStore|iPhoneSimulator.Build.0 = Release|Any CPU
		{BD8E782A-7491-42FB-BB5F-8F4BFB57CC33}.AppStore|x64.ActiveCfg = Release|Any CPU
		{BD8E782A-7491-42FB-BB5F-8F4BFB57CC33}.AppStore|x64.Build.0 = Release|Any CPU
		{BD8E782A-7491-42FB-BB5F-8F4BFB57CC33}.AppStore|x86.ActiveCfg = Release|Any CPU
		{BD8E782A-7491-42FB-BB5F-8F4BFB57CC33}.AppStore|x86.Build.0 = Release|Any CPU
		{BD8E782A-7491-42FB-BB5F-8F4BFB57CC33}.Debug|Any CPU.ActiveCfg = Debug|Any CPU
		{BD8E782A-7491-42FB-BB5F-8F4BFB57CC33}.Debug|Any CPU.Build.0 = Debug|Any CPU
		{BD8E782A-7491-42FB-BB5F-8F4BFB57CC33}.Debug|ARM.ActiveCfg = Debug|Any CPU
		{BD8E782A-7491-42FB-BB5F-8F4BFB57CC33}.Debug|ARM.Build.0 = Debug|Any CPU
		{BD8E782A-7491-42FB-BB5F-8F4BFB57CC33}.Debug|iPhone.ActiveCfg = Debug|Any CPU
		{BD8E782A-7491-42FB-BB5F-8F4BFB57CC33}.Debug|iPhone.Build.0 = Debug|Any CPU
		{BD8E782A-7491-42FB-BB5F-8F4BFB57CC33}.Debug|iPhoneSimulator.ActiveCfg = Debug|Any CPU
		{BD8E782A-7491-42FB-BB5F-8F4BFB57CC33}.Debug|iPhoneSimulator.Build.0 = Debug|Any CPU
		{BD8E782A-7491-42FB-BB5F-8F4BFB57CC33}.Debug|x64.ActiveCfg = Debug|Any CPU
		{BD8E782A-7491-42FB-BB5F-8F4BFB57CC33}.Debug|x64.Build.0 = Debug|Any CPU
		{BD8E782A-7491-42FB-BB5F-8F4BFB57CC33}.Debug|x86.ActiveCfg = Debug|Any CPU
		{BD8E782A-7491-42FB-BB5F-8F4BFB57CC33}.Release|Any CPU.ActiveCfg = Release|Any CPU
		{BD8E782A-7491-42FB-BB5F-8F4BFB57CC33}.Release|Any CPU.Build.0 = Release|Any CPU
		{BD8E782A-7491-42FB-BB5F-8F4BFB57CC33}.Release|ARM.ActiveCfg = Release|Any CPU
		{BD8E782A-7491-42FB-BB5F-8F4BFB57CC33}.Release|ARM.Build.0 = Release|Any CPU
		{BD8E782A-7491-42FB-BB5F-8F4BFB57CC33}.Release|iPhone.ActiveCfg = Release|Any CPU
		{BD8E782A-7491-42FB-BB5F-8F4BFB57CC33}.Release|iPhone.Build.0 = Release|Any CPU
		{BD8E782A-7491-42FB-BB5F-8F4BFB57CC33}.Release|iPhoneSimulator.ActiveCfg = Release|Any CPU
		{BD8E782A-7491-42FB-BB5F-8F4BFB57CC33}.Release|iPhoneSimulator.Build.0 = Release|Any CPU
		{BD8E782A-7491-42FB-BB5F-8F4BFB57CC33}.Release|x64.ActiveCfg = Release|Any CPU
		{BD8E782A-7491-42FB-BB5F-8F4BFB57CC33}.Release|x64.Build.0 = Release|Any CPU
		{BD8E782A-7491-42FB-BB5F-8F4BFB57CC33}.Release|x86.ActiveCfg = Release|Any CPU
		{BD8E782A-7491-42FB-BB5F-8F4BFB57CC33}.Release|x86.Build.0 = Release|Any CPU
		{BD8E782A-7491-42FB-BB5F-8F4BFB57CC33}.ReleaseNET20|Any CPU.ActiveCfg = Release|Any CPU
		{BD8E782A-7491-42FB-BB5F-8F4BFB57CC33}.ReleaseNET20|Any CPU.Build.0 = Release|Any CPU
		{BD8E782A-7491-42FB-BB5F-8F4BFB57CC33}.ReleaseNET20|ARM.ActiveCfg = Release|Any CPU
		{BD8E782A-7491-42FB-BB5F-8F4BFB57CC33}.ReleaseNET20|ARM.Build.0 = Release|Any CPU
		{BD8E782A-7491-42FB-BB5F-8F4BFB57CC33}.ReleaseNET20|iPhone.ActiveCfg = Release|Any CPU
		{BD8E782A-7491-42FB-BB5F-8F4BFB57CC33}.ReleaseNET20|iPhone.Build.0 = Release|Any CPU
		{BD8E782A-7491-42FB-BB5F-8F4BFB57CC33}.ReleaseNET20|iPhoneSimulator.ActiveCfg = Release|Any CPU
		{BD8E782A-7491-42FB-BB5F-8F4BFB57CC33}.ReleaseNET20|iPhoneSimulator.Build.0 = Release|Any CPU
		{BD8E782A-7491-42FB-BB5F-8F4BFB57CC33}.ReleaseNET20|x64.ActiveCfg = Release|Any CPU
		{BD8E782A-7491-42FB-BB5F-8F4BFB57CC33}.ReleaseNET20|x64.Build.0 = Release|Any CPU
		{BD8E782A-7491-42FB-BB5F-8F4BFB57CC33}.ReleaseNET20|x86.ActiveCfg = Release|Any CPU
		{BD8E782A-7491-42FB-BB5F-8F4BFB57CC33}.ReleaseNET20|x86.Build.0 = Release|Any CPU
		{5373A04D-4B1D-430E-BC8E-CBADAB4A1342}.Ad-Hoc|Any CPU.ActiveCfg = Release|x64
		{5373A04D-4B1D-430E-BC8E-CBADAB4A1342}.Ad-Hoc|Any CPU.Build.0 = Release|x64
		{5373A04D-4B1D-430E-BC8E-CBADAB4A1342}.Ad-Hoc|Any CPU.Deploy.0 = Release|x64
		{5373A04D-4B1D-430E-BC8E-CBADAB4A1342}.Ad-Hoc|ARM.ActiveCfg = Release|ARM
		{5373A04D-4B1D-430E-BC8E-CBADAB4A1342}.Ad-Hoc|ARM.Build.0 = Release|ARM
		{5373A04D-4B1D-430E-BC8E-CBADAB4A1342}.Ad-Hoc|ARM.Deploy.0 = Release|ARM
		{5373A04D-4B1D-430E-BC8E-CBADAB4A1342}.Ad-Hoc|iPhone.ActiveCfg = Release|x64
		{5373A04D-4B1D-430E-BC8E-CBADAB4A1342}.Ad-Hoc|iPhone.Build.0 = Release|x64
		{5373A04D-4B1D-430E-BC8E-CBADAB4A1342}.Ad-Hoc|iPhone.Deploy.0 = Release|x64
		{5373A04D-4B1D-430E-BC8E-CBADAB4A1342}.Ad-Hoc|iPhoneSimulator.ActiveCfg = Release|x64
		{5373A04D-4B1D-430E-BC8E-CBADAB4A1342}.Ad-Hoc|iPhoneSimulator.Build.0 = Release|x64
		{5373A04D-4B1D-430E-BC8E-CBADAB4A1342}.Ad-Hoc|iPhoneSimulator.Deploy.0 = Release|x64
		{5373A04D-4B1D-430E-BC8E-CBADAB4A1342}.Ad-Hoc|x64.ActiveCfg = Release|x64
		{5373A04D-4B1D-430E-BC8E-CBADAB4A1342}.Ad-Hoc|x64.Build.0 = Release|x64
		{5373A04D-4B1D-430E-BC8E-CBADAB4A1342}.Ad-Hoc|x64.Deploy.0 = Release|x64
		{5373A04D-4B1D-430E-BC8E-CBADAB4A1342}.Ad-Hoc|x86.ActiveCfg = Release|x86
		{5373A04D-4B1D-430E-BC8E-CBADAB4A1342}.Ad-Hoc|x86.Build.0 = Release|x86
		{5373A04D-4B1D-430E-BC8E-CBADAB4A1342}.Ad-Hoc|x86.Deploy.0 = Release|x86
		{5373A04D-4B1D-430E-BC8E-CBADAB4A1342}.AppStore|Any CPU.ActiveCfg = Release|x64
		{5373A04D-4B1D-430E-BC8E-CBADAB4A1342}.AppStore|Any CPU.Build.0 = Release|x64
		{5373A04D-4B1D-430E-BC8E-CBADAB4A1342}.AppStore|Any CPU.Deploy.0 = Release|x64
		{5373A04D-4B1D-430E-BC8E-CBADAB4A1342}.AppStore|ARM.ActiveCfg = Release|ARM
		{5373A04D-4B1D-430E-BC8E-CBADAB4A1342}.AppStore|ARM.Build.0 = Release|ARM
		{5373A04D-4B1D-430E-BC8E-CBADAB4A1342}.AppStore|ARM.Deploy.0 = Release|ARM
		{5373A04D-4B1D-430E-BC8E-CBADAB4A1342}.AppStore|iPhone.ActiveCfg = Release|x64
		{5373A04D-4B1D-430E-BC8E-CBADAB4A1342}.AppStore|iPhone.Build.0 = Release|x64
		{5373A04D-4B1D-430E-BC8E-CBADAB4A1342}.AppStore|iPhone.Deploy.0 = Release|x64
		{5373A04D-4B1D-430E-BC8E-CBADAB4A1342}.AppStore|iPhoneSimulator.ActiveCfg = Release|x64
		{5373A04D-4B1D-430E-BC8E-CBADAB4A1342}.AppStore|iPhoneSimulator.Build.0 = Release|x64
		{5373A04D-4B1D-430E-BC8E-CBADAB4A1342}.AppStore|iPhoneSimulator.Deploy.0 = Release|x64
		{5373A04D-4B1D-430E-BC8E-CBADAB4A1342}.AppStore|x64.ActiveCfg = Release|x64
		{5373A04D-4B1D-430E-BC8E-CBADAB4A1342}.AppStore|x64.Build.0 = Release|x64
		{5373A04D-4B1D-430E-BC8E-CBADAB4A1342}.AppStore|x64.Deploy.0 = Release|x64
		{5373A04D-4B1D-430E-BC8E-CBADAB4A1342}.AppStore|x86.ActiveCfg = Release|x86
		{5373A04D-4B1D-430E-BC8E-CBADAB4A1342}.AppStore|x86.Build.0 = Release|x86
		{5373A04D-4B1D-430E-BC8E-CBADAB4A1342}.AppStore|x86.Deploy.0 = Release|x86
		{5373A04D-4B1D-430E-BC8E-CBADAB4A1342}.Debug|Any CPU.ActiveCfg = Debug|x86
		{5373A04D-4B1D-430E-BC8E-CBADAB4A1342}.Debug|ARM.ActiveCfg = Debug|ARM
		{5373A04D-4B1D-430E-BC8E-CBADAB4A1342}.Debug|ARM.Build.0 = Debug|ARM
		{5373A04D-4B1D-430E-BC8E-CBADAB4A1342}.Debug|ARM.Deploy.0 = Debug|ARM
		{5373A04D-4B1D-430E-BC8E-CBADAB4A1342}.Debug|iPhone.ActiveCfg = Debug|x86
		{5373A04D-4B1D-430E-BC8E-CBADAB4A1342}.Debug|iPhoneSimulator.ActiveCfg = Debug|x86
		{5373A04D-4B1D-430E-BC8E-CBADAB4A1342}.Debug|x64.ActiveCfg = Debug|x64
		{5373A04D-4B1D-430E-BC8E-CBADAB4A1342}.Debug|x64.Build.0 = Debug|x64
		{5373A04D-4B1D-430E-BC8E-CBADAB4A1342}.Debug|x64.Deploy.0 = Debug|x64
		{5373A04D-4B1D-430E-BC8E-CBADAB4A1342}.Debug|x86.ActiveCfg = Debug|x86
		{5373A04D-4B1D-430E-BC8E-CBADAB4A1342}.Release|Any CPU.ActiveCfg = Release|x86
		{5373A04D-4B1D-430E-BC8E-CBADAB4A1342}.Release|ARM.ActiveCfg = Release|ARM
		{5373A04D-4B1D-430E-BC8E-CBADAB4A1342}.Release|ARM.Build.0 = Release|ARM
		{5373A04D-4B1D-430E-BC8E-CBADAB4A1342}.Release|ARM.Deploy.0 = Release|ARM
		{5373A04D-4B1D-430E-BC8E-CBADAB4A1342}.Release|iPhone.ActiveCfg = Release|x86
		{5373A04D-4B1D-430E-BC8E-CBADAB4A1342}.Release|iPhoneSimulator.ActiveCfg = Release|x86
		{5373A04D-4B1D-430E-BC8E-CBADAB4A1342}.Release|x64.ActiveCfg = Release|x64
		{5373A04D-4B1D-430E-BC8E-CBADAB4A1342}.Release|x64.Build.0 = Release|x64
		{5373A04D-4B1D-430E-BC8E-CBADAB4A1342}.Release|x64.Deploy.0 = Release|x64
		{5373A04D-4B1D-430E-BC8E-CBADAB4A1342}.Release|x86.ActiveCfg = Release|x86
		{5373A04D-4B1D-430E-BC8E-CBADAB4A1342}.Release|x86.Build.0 = Release|x86
		{5373A04D-4B1D-430E-BC8E-CBADAB4A1342}.Release|x86.Deploy.0 = Release|x86
		{5373A04D-4B1D-430E-BC8E-CBADAB4A1342}.ReleaseNET20|Any CPU.ActiveCfg = Debug|x64
		{5373A04D-4B1D-430E-BC8E-CBADAB4A1342}.ReleaseNET20|Any CPU.Build.0 = Debug|x64
		{5373A04D-4B1D-430E-BC8E-CBADAB4A1342}.ReleaseNET20|Any CPU.Deploy.0 = Debug|x64
		{5373A04D-4B1D-430E-BC8E-CBADAB4A1342}.ReleaseNET20|ARM.ActiveCfg = Release|ARM
		{5373A04D-4B1D-430E-BC8E-CBADAB4A1342}.ReleaseNET20|ARM.Build.0 = Release|ARM
		{5373A04D-4B1D-430E-BC8E-CBADAB4A1342}.ReleaseNET20|ARM.Deploy.0 = Release|ARM
		{5373A04D-4B1D-430E-BC8E-CBADAB4A1342}.ReleaseNET20|iPhone.ActiveCfg = Debug|x64
		{5373A04D-4B1D-430E-BC8E-CBADAB4A1342}.ReleaseNET20|iPhone.Build.0 = Debug|x64
		{5373A04D-4B1D-430E-BC8E-CBADAB4A1342}.ReleaseNET20|iPhone.Deploy.0 = Debug|x64
		{5373A04D-4B1D-430E-BC8E-CBADAB4A1342}.ReleaseNET20|iPhoneSimulator.ActiveCfg = Debug|x64
		{5373A04D-4B1D-430E-BC8E-CBADAB4A1342}.ReleaseNET20|iPhoneSimulator.Build.0 = Debug|x64
		{5373A04D-4B1D-430E-BC8E-CBADAB4A1342}.ReleaseNET20|iPhoneSimulator.Deploy.0 = Debug|x64
		{5373A04D-4B1D-430E-BC8E-CBADAB4A1342}.ReleaseNET20|x64.ActiveCfg = Release|x64
		{5373A04D-4B1D-430E-BC8E-CBADAB4A1342}.ReleaseNET20|x64.Build.0 = Release|x64
		{5373A04D-4B1D-430E-BC8E-CBADAB4A1342}.ReleaseNET20|x64.Deploy.0 = Release|x64
		{5373A04D-4B1D-430E-BC8E-CBADAB4A1342}.ReleaseNET20|x86.ActiveCfg = Release|x86
		{5373A04D-4B1D-430E-BC8E-CBADAB4A1342}.ReleaseNET20|x86.Build.0 = Release|x86
		{5373A04D-4B1D-430E-BC8E-CBADAB4A1342}.ReleaseNET20|x86.Deploy.0 = Release|x86
		{A9E750FB-CAC9-4820-BDF2-0D432134960C}.Ad-Hoc|Any CPU.ActiveCfg = Release|Any CPU
		{A9E750FB-CAC9-4820-BDF2-0D432134960C}.Ad-Hoc|Any CPU.Build.0 = Release|Any CPU
		{A9E750FB-CAC9-4820-BDF2-0D432134960C}.Ad-Hoc|ARM.ActiveCfg = Release|Any CPU
		{A9E750FB-CAC9-4820-BDF2-0D432134960C}.Ad-Hoc|ARM.Build.0 = Release|Any CPU
		{A9E750FB-CAC9-4820-BDF2-0D432134960C}.Ad-Hoc|iPhone.ActiveCfg = Release|Any CPU
		{A9E750FB-CAC9-4820-BDF2-0D432134960C}.Ad-Hoc|iPhone.Build.0 = Release|Any CPU
		{A9E750FB-CAC9-4820-BDF2-0D432134960C}.Ad-Hoc|iPhoneSimulator.ActiveCfg = Release|Any CPU
		{A9E750FB-CAC9-4820-BDF2-0D432134960C}.Ad-Hoc|iPhoneSimulator.Build.0 = Release|Any CPU
		{A9E750FB-CAC9-4820-BDF2-0D432134960C}.Ad-Hoc|x64.ActiveCfg = Release|Any CPU
		{A9E750FB-CAC9-4820-BDF2-0D432134960C}.Ad-Hoc|x64.Build.0 = Release|Any CPU
		{A9E750FB-CAC9-4820-BDF2-0D432134960C}.Ad-Hoc|x86.ActiveCfg = Release|Any CPU
		{A9E750FB-CAC9-4820-BDF2-0D432134960C}.Ad-Hoc|x86.Build.0 = Release|Any CPU
		{A9E750FB-CAC9-4820-BDF2-0D432134960C}.AppStore|Any CPU.ActiveCfg = Release|Any CPU
		{A9E750FB-CAC9-4820-BDF2-0D432134960C}.AppStore|Any CPU.Build.0 = Release|Any CPU
		{A9E750FB-CAC9-4820-BDF2-0D432134960C}.AppStore|ARM.ActiveCfg = Release|Any CPU
		{A9E750FB-CAC9-4820-BDF2-0D432134960C}.AppStore|ARM.Build.0 = Release|Any CPU
		{A9E750FB-CAC9-4820-BDF2-0D432134960C}.AppStore|iPhone.ActiveCfg = Release|Any CPU
		{A9E750FB-CAC9-4820-BDF2-0D432134960C}.AppStore|iPhone.Build.0 = Release|Any CPU
		{A9E750FB-CAC9-4820-BDF2-0D432134960C}.AppStore|iPhoneSimulator.ActiveCfg = Release|Any CPU
		{A9E750FB-CAC9-4820-BDF2-0D432134960C}.AppStore|iPhoneSimulator.Build.0 = Release|Any CPU
		{A9E750FB-CAC9-4820-BDF2-0D432134960C}.AppStore|x64.ActiveCfg = Release|Any CPU
		{A9E750FB-CAC9-4820-BDF2-0D432134960C}.AppStore|x64.Build.0 = Release|Any CPU
		{A9E750FB-CAC9-4820-BDF2-0D432134960C}.AppStore|x86.ActiveCfg = Release|Any CPU
		{A9E750FB-CAC9-4820-BDF2-0D432134960C}.AppStore|x86.Build.0 = Release|Any CPU
		{A9E750FB-CAC9-4820-BDF2-0D432134960C}.Debug|Any CPU.ActiveCfg = Debug|Any CPU
		{A9E750FB-CAC9-4820-BDF2-0D432134960C}.Debug|Any CPU.Build.0 = Debug|Any CPU
		{A9E750FB-CAC9-4820-BDF2-0D432134960C}.Debug|ARM.ActiveCfg = Debug|Any CPU
		{A9E750FB-CAC9-4820-BDF2-0D432134960C}.Debug|ARM.Build.0 = Debug|Any CPU
		{A9E750FB-CAC9-4820-BDF2-0D432134960C}.Debug|iPhone.ActiveCfg = Debug|Any CPU
		{A9E750FB-CAC9-4820-BDF2-0D432134960C}.Debug|iPhone.Build.0 = Debug|Any CPU
		{A9E750FB-CAC9-4820-BDF2-0D432134960C}.Debug|iPhoneSimulator.ActiveCfg = Debug|Any CPU
		{A9E750FB-CAC9-4820-BDF2-0D432134960C}.Debug|iPhoneSimulator.Build.0 = Debug|Any CPU
		{A9E750FB-CAC9-4820-BDF2-0D432134960C}.Debug|x64.ActiveCfg = Debug|x64
		{A9E750FB-CAC9-4820-BDF2-0D432134960C}.Debug|x64.Build.0 = Debug|x64
		{A9E750FB-CAC9-4820-BDF2-0D432134960C}.Debug|x86.ActiveCfg = Debug|Any CPU
		{A9E750FB-CAC9-4820-BDF2-0D432134960C}.Debug|x86.Build.0 = Debug|Any CPU
		{A9E750FB-CAC9-4820-BDF2-0D432134960C}.Release|Any CPU.ActiveCfg = Release|Any CPU
		{A9E750FB-CAC9-4820-BDF2-0D432134960C}.Release|Any CPU.Build.0 = Release|Any CPU
		{A9E750FB-CAC9-4820-BDF2-0D432134960C}.Release|ARM.ActiveCfg = Release|Any CPU
		{A9E750FB-CAC9-4820-BDF2-0D432134960C}.Release|ARM.Build.0 = Release|Any CPU
		{A9E750FB-CAC9-4820-BDF2-0D432134960C}.Release|iPhone.ActiveCfg = Release|Any CPU
		{A9E750FB-CAC9-4820-BDF2-0D432134960C}.Release|iPhone.Build.0 = Release|Any CPU
		{A9E750FB-CAC9-4820-BDF2-0D432134960C}.Release|iPhoneSimulator.ActiveCfg = Release|Any CPU
		{A9E750FB-CAC9-4820-BDF2-0D432134960C}.Release|iPhoneSimulator.Build.0 = Release|Any CPU
		{A9E750FB-CAC9-4820-BDF2-0D432134960C}.Release|x64.ActiveCfg = Release|x64
		{A9E750FB-CAC9-4820-BDF2-0D432134960C}.Release|x64.Build.0 = Release|x64
		{A9E750FB-CAC9-4820-BDF2-0D432134960C}.Release|x86.ActiveCfg = Release|Any CPU
		{A9E750FB-CAC9-4820-BDF2-0D432134960C}.Release|x86.Build.0 = Release|Any CPU
		{A9E750FB-CAC9-4820-BDF2-0D432134960C}.ReleaseNET20|Any CPU.ActiveCfg = Release|Any CPU
		{A9E750FB-CAC9-4820-BDF2-0D432134960C}.ReleaseNET20|Any CPU.Build.0 = Release|Any CPU
		{A9E750FB-CAC9-4820-BDF2-0D432134960C}.ReleaseNET20|ARM.ActiveCfg = Release|Any CPU
		{A9E750FB-CAC9-4820-BDF2-0D432134960C}.ReleaseNET20|ARM.Build.0 = Release|Any CPU
		{A9E750FB-CAC9-4820-BDF2-0D432134960C}.ReleaseNET20|iPhone.ActiveCfg = Release|Any CPU
		{A9E750FB-CAC9-4820-BDF2-0D432134960C}.ReleaseNET20|iPhone.Build.0 = Release|Any CPU
		{A9E750FB-CAC9-4820-BDF2-0D432134960C}.ReleaseNET20|iPhoneSimulator.ActiveCfg = Release|Any CPU
		{A9E750FB-CAC9-4820-BDF2-0D432134960C}.ReleaseNET20|iPhoneSimulator.Build.0 = Release|Any CPU
		{A9E750FB-CAC9-4820-BDF2-0D432134960C}.ReleaseNET20|x64.ActiveCfg = Release|x64
		{A9E750FB-CAC9-4820-BDF2-0D432134960C}.ReleaseNET20|x64.Build.0 = Release|x64
		{A9E750FB-CAC9-4820-BDF2-0D432134960C}.ReleaseNET20|x86.ActiveCfg = Release|Any CPU
		{A9E750FB-CAC9-4820-BDF2-0D432134960C}.ReleaseNET20|x86.Build.0 = Release|Any CPU
		{1A91CB8F-7033-4C17-9150-DE5BD0944906}.Ad-Hoc|Any CPU.ActiveCfg = Release|Any CPU
		{1A91CB8F-7033-4C17-9150-DE5BD0944906}.Ad-Hoc|Any CPU.Build.0 = Release|Any CPU
		{1A91CB8F-7033-4C17-9150-DE5BD0944906}.Ad-Hoc|ARM.ActiveCfg = Release|Any CPU
		{1A91CB8F-7033-4C17-9150-DE5BD0944906}.Ad-Hoc|ARM.Build.0 = Release|Any CPU
		{1A91CB8F-7033-4C17-9150-DE5BD0944906}.Ad-Hoc|iPhone.ActiveCfg = Release|Any CPU
		{1A91CB8F-7033-4C17-9150-DE5BD0944906}.Ad-Hoc|iPhone.Build.0 = Release|Any CPU
		{1A91CB8F-7033-4C17-9150-DE5BD0944906}.Ad-Hoc|iPhoneSimulator.ActiveCfg = Release|Any CPU
		{1A91CB8F-7033-4C17-9150-DE5BD0944906}.Ad-Hoc|iPhoneSimulator.Build.0 = Release|Any CPU
		{1A91CB8F-7033-4C17-9150-DE5BD0944906}.Ad-Hoc|x64.ActiveCfg = Release|Any CPU
		{1A91CB8F-7033-4C17-9150-DE5BD0944906}.Ad-Hoc|x64.Build.0 = Release|Any CPU
		{1A91CB8F-7033-4C17-9150-DE5BD0944906}.Ad-Hoc|x86.ActiveCfg = Release|Any CPU
		{1A91CB8F-7033-4C17-9150-DE5BD0944906}.Ad-Hoc|x86.Build.0 = Release|Any CPU
		{1A91CB8F-7033-4C17-9150-DE5BD0944906}.AppStore|Any CPU.ActiveCfg = Release|Any CPU
		{1A91CB8F-7033-4C17-9150-DE5BD0944906}.AppStore|Any CPU.Build.0 = Release|Any CPU
		{1A91CB8F-7033-4C17-9150-DE5BD0944906}.AppStore|ARM.ActiveCfg = Release|Any CPU
		{1A91CB8F-7033-4C17-9150-DE5BD0944906}.AppStore|ARM.Build.0 = Release|Any CPU
		{1A91CB8F-7033-4C17-9150-DE5BD0944906}.AppStore|iPhone.ActiveCfg = Release|Any CPU
		{1A91CB8F-7033-4C17-9150-DE5BD0944906}.AppStore|iPhone.Build.0 = Release|Any CPU
		{1A91CB8F-7033-4C17-9150-DE5BD0944906}.AppStore|iPhoneSimulator.ActiveCfg = Release|Any CPU
		{1A91CB8F-7033-4C17-9150-DE5BD0944906}.AppStore|iPhoneSimulator.Build.0 = Release|Any CPU
		{1A91CB8F-7033-4C17-9150-DE5BD0944906}.AppStore|x64.ActiveCfg = Release|Any CPU
		{1A91CB8F-7033-4C17-9150-DE5BD0944906}.AppStore|x64.Build.0 = Release|Any CPU
		{1A91CB8F-7033-4C17-9150-DE5BD0944906}.AppStore|x86.ActiveCfg = Release|Any CPU
		{1A91CB8F-7033-4C17-9150-DE5BD0944906}.AppStore|x86.Build.0 = Release|Any CPU
		{1A91CB8F-7033-4C17-9150-DE5BD0944906}.Debug|Any CPU.ActiveCfg = Debug|Any CPU
		{1A91CB8F-7033-4C17-9150-DE5BD0944906}.Debug|Any CPU.Build.0 = Debug|Any CPU
		{1A91CB8F-7033-4C17-9150-DE5BD0944906}.Debug|ARM.ActiveCfg = Debug|Any CPU
		{1A91CB8F-7033-4C17-9150-DE5BD0944906}.Debug|ARM.Build.0 = Debug|Any CPU
		{1A91CB8F-7033-4C17-9150-DE5BD0944906}.Debug|iPhone.ActiveCfg = Debug|Any CPU
		{1A91CB8F-7033-4C17-9150-DE5BD0944906}.Debug|iPhone.Build.0 = Debug|Any CPU
		{1A91CB8F-7033-4C17-9150-DE5BD0944906}.Debug|iPhoneSimulator.ActiveCfg = Debug|Any CPU
		{1A91CB8F-7033-4C17-9150-DE5BD0944906}.Debug|iPhoneSimulator.Build.0 = Debug|Any CPU
		{1A91CB8F-7033-4C17-9150-DE5BD0944906}.Debug|x64.ActiveCfg = Debug|x64
		{1A91CB8F-7033-4C17-9150-DE5BD0944906}.Debug|x64.Build.0 = Debug|x64
		{1A91CB8F-7033-4C17-9150-DE5BD0944906}.Debug|x86.ActiveCfg = Debug|Any CPU
		{1A91CB8F-7033-4C17-9150-DE5BD0944906}.Debug|x86.Build.0 = Debug|Any CPU
		{1A91CB8F-7033-4C17-9150-DE5BD0944906}.Release|Any CPU.ActiveCfg = Release|Any CPU
		{1A91CB8F-7033-4C17-9150-DE5BD0944906}.Release|Any CPU.Build.0 = Release|Any CPU
		{1A91CB8F-7033-4C17-9150-DE5BD0944906}.Release|ARM.ActiveCfg = Release|Any CPU
		{1A91CB8F-7033-4C17-9150-DE5BD0944906}.Release|ARM.Build.0 = Release|Any CPU
		{1A91CB8F-7033-4C17-9150-DE5BD0944906}.Release|iPhone.ActiveCfg = Release|Any CPU
		{1A91CB8F-7033-4C17-9150-DE5BD0944906}.Release|iPhone.Build.0 = Release|Any CPU
		{1A91CB8F-7033-4C17-9150-DE5BD0944906}.Release|iPhoneSimulator.ActiveCfg = Release|Any CPU
		{1A91CB8F-7033-4C17-9150-DE5BD0944906}.Release|iPhoneSimulator.Build.0 = Release|Any CPU
		{1A91CB8F-7033-4C17-9150-DE5BD0944906}.Release|x64.ActiveCfg = Release|x64
		{1A91CB8F-7033-4C17-9150-DE5BD0944906}.Release|x64.Build.0 = Release|x64
		{1A91CB8F-7033-4C17-9150-DE5BD0944906}.Release|x86.ActiveCfg = Release|Any CPU
		{1A91CB8F-7033-4C17-9150-DE5BD0944906}.Release|x86.Build.0 = Release|Any CPU
		{1A91CB8F-7033-4C17-9150-DE5BD0944906}.ReleaseNET20|Any CPU.ActiveCfg = Release|Any CPU
		{1A91CB8F-7033-4C17-9150-DE5BD0944906}.ReleaseNET20|Any CPU.Build.0 = Release|Any CPU
		{1A91CB8F-7033-4C17-9150-DE5BD0944906}.ReleaseNET20|ARM.ActiveCfg = Release|Any CPU
		{1A91CB8F-7033-4C17-9150-DE5BD0944906}.ReleaseNET20|ARM.Build.0 = Release|Any CPU
		{1A91CB8F-7033-4C17-9150-DE5BD0944906}.ReleaseNET20|iPhone.ActiveCfg = Release|Any CPU
		{1A91CB8F-7033-4C17-9150-DE5BD0944906}.ReleaseNET20|iPhone.Build.0 = Release|Any CPU
		{1A91CB8F-7033-4C17-9150-DE5BD0944906}.ReleaseNET20|iPhoneSimulator.ActiveCfg = Release|Any CPU
		{1A91CB8F-7033-4C17-9150-DE5BD0944906}.ReleaseNET20|iPhoneSimulator.Build.0 = Release|Any CPU
		{1A91CB8F-7033-4C17-9150-DE5BD0944906}.ReleaseNET20|x64.ActiveCfg = Release|x64
		{1A91CB8F-7033-4C17-9150-DE5BD0944906}.ReleaseNET20|x64.Build.0 = Release|x64
		{1A91CB8F-7033-4C17-9150-DE5BD0944906}.ReleaseNET20|x86.ActiveCfg = Release|Any CPU
		{1A91CB8F-7033-4C17-9150-DE5BD0944906}.ReleaseNET20|x86.Build.0 = Release|Any CPU
	EndGlobalSection
	GlobalSection(SolutionProperties) = preSolution
		HideSolutionNode = FALSE
	EndGlobalSection
	GlobalSection(ExtensibilityGlobals) = postSolution
		SolutionGuid = {22D2F2CD-F3DD-4609-8CCA-2255F797A5B1}
	EndGlobalSection
	GlobalSection(Performance) = preSolution
		HasPerformanceSessions = true
	EndGlobalSection
	GlobalSection(Performance) = preSolution
		HasPerformanceSessions = true
	EndGlobalSection
EndGlobal
