
Microsoft Visual Studio Solution File, Format Version 12.00
# Visual Studio 2012
Project("{FAE04EC0-301F-11D3-BF4B-00C04F79EFBC}") = "WorldOfTheThreeKingdoms.iOS", "WorldOfTheThreeKingdoms.iOS.csproj", "{39038F79-DE28-46E6-A1BB-B8F4ED9238F3}"
EndProject
Global
	GlobalSection(SolutionConfigurationPlatforms) = preSolution
		Debug|iPhoneSimulator = Debug|iPhoneSimulator
		Release|iPhoneSimulator = Release|iPhoneSimulator
		Debug|iPhone = Debug|iPhone
		Release|iPhone = Release|iPhone
		Ad-Hoc|iPhone = Ad-Hoc|iPhone
		AppStore|iPhone = AppStore|iPhone
	EndGlobalSection
	GlobalSection(ProjectConfigurationPlatforms) = postSolution
		{39038F79-DE28-46E6-A1BB-B8F4ED9238F3}.Debug|iPhoneSimulator.ActiveCfg = Debug|iPhoneSimulator
		{39038F79-DE28-46E6-A1BB-B8F4ED9238F3}.Debug|iPhoneSimulator.Build.0 = Debug|iPhoneSimulator
		{39038F79-DE28-46E6-A1BB-B8F4ED9238F3}.Release|iPhoneSimulator.ActiveCfg = Release|iPhoneSimulator
		{39038F79-DE28-46E6-A1BB-B8F4ED9238F3}.Release|iPhoneSimulator.Build.0 = Release|iPhoneSimulator
		{39038F79-DE28-46E6-A1BB-B8F4ED9238F3}.Debug|iPhone.ActiveCfg = Debug|iPhone
		{39038F79-DE28-46E6-A1BB-B8F4ED9238F3}.Debug|iPhone.Build.0 = Debug|iPhone
		{39038F79-DE28-46E6-A1BB-B8F4ED9238F3}.Release|iPhone.ActiveCfg = Release|iPhone
		{39038F79-DE28-46E6-A1BB-B8F4ED9238F3}.Release|iPhone.Build.0 = Release|iPhone
		{39038F79-DE28-46E6-A1BB-B8F4ED9238F3}.Ad-Hoc|iPhone.ActiveCfg = Ad-Hoc|iPhone
		{39038F79-DE28-46E6-A1BB-B8F4ED9238F3}.Ad-Hoc|iPhone.Build.0 = Ad-Hoc|iPhone
		{39038F79-DE28-46E6-A1BB-B8F4ED9238F3}.AppStore|iPhone.ActiveCfg = AppStore|iPhone
		{39038F79-DE28-46E6-A1BB-B8F4ED9238F3}.AppStore|iPhone.Build.0 = AppStore|iPhone
	EndGlobalSection
EndGlobal
